
Microsoft Visual Studio Solution File, Format Version 12.00
# Visual Studio Version 16
VisualStudioVersion = 16.0.30517.126
MinimumVisualStudioVersion = 10.0.40219.1
Project("{8BC9CEB8-8B4A-11D0-8D11-00A0C91BC942}") = "Exo1", "Exo1\Exo1.vcxproj", "{21B4B912-A965-412F-A962-6D684CB2F220}"
EndProject
Project("{8BC9CEB8-8B4A-11D0-8D11-00A0C91BC942}") = "Exo3", "Exo3\Exo3.vcxproj", "{079D07A5-6282-4E3C-952C-53BE6343E3D0}"
EndProject
Project("{8BC9CEB8-8B4A-11D0-8D11-00A0C91BC942}") = "Exo2", "Exo2\Exo2.vcxproj", "{16881AE4-5D22-4EE1-A30A-4E4D03E35FE4}"
EndProject
Project("{8BC9CEB8-8B4A-11D0-8D11-00A0C91BC942}") = "Test", "Test\Test.vcxproj", "{CAD714EA-C1AD-4DEC-9C88-3E7FFCECFF81}"
EndProject
Global
	GlobalSection(SolutionConfigurationPlatforms) = preSolution
		Debug|x64 = Debug|x64
		Debug|x86 = Debug|x86
		Release|x64 = Release|x64
		Release|x86 = Release|x86
	EndGlobalSection
	GlobalSection(ProjectConfigurationPlatforms) = postSolution
		{21B4B912-A965-412F-A962-6D684CB2F220}.Debug|x64.ActiveCfg = Debug|x64
		{21B4B912-A965-412F-A962-6D684CB2F220}.Debug|x64.Build.0 = Debug|x64
		{21B4B912-A965-412F-A962-6D684CB2F220}.Debug|x86.ActiveCfg = Debug|Win32
		{21B4B912-A965-412F-A962-6D684CB2F220}.Debug|x86.Build.0 = Debug|Win32
		{21B4B912-A965-412F-A962-6D684CB2F220}.Release|x64.ActiveCfg = Release|x64
		{21B4B912-A965-412F-A962-6D684CB2F220}.Release|x64.Build.0 = Release|x64
		{21B4B912-A965-412F-A962-6D684CB2F220}.Release|x86.ActiveCfg = Release|Win32
		{21B4B912-A965-412F-A962-6D684CB2F220}.Release|x86.Build.0 = Release|Win32
		{079D07A5-6282-4E3C-952C-53BE6343E3D0}.Debug|x64.ActiveCfg = Debug|x64
		{079D07A5-6282-4E3C-952C-53BE6343E3D0}.Debug|x64.Build.0 = Debug|x64
		{079D07A5-6282-4E3C-952C-53BE6343E3D0}.Debug|x86.ActiveCfg = Debug|Win32
		{079D07A5-6282-4E3C-952C-53BE6343E3D0}.Debug|x86.Build.0 = Debug|Win32
		{079D07A5-6282-4E3C-952C-53BE6343E3D0}.Release|x64.ActiveCfg = Release|x64
		{079D07A5-6282-4E3C-952C-53BE6343E3D0}.Release|x64.Build.0 = Release|x64
		{079D07A5-6282-4E3C-952C-53BE6343E3D0}.Release|x86.ActiveCfg = Release|Win32
		{079D07A5-6282-4E3C-952C-53BE6343E3D0}.Release|x86.Build.0 = Release|Win32
		{16881AE4-5D22-4EE1-A30A-4E4D03E35FE4}.Debug|x64.ActiveCfg = Debug|x64
		{16881AE4-5D22-4EE1-A30A-4E4D03E35FE4}.Debug|x64.Build.0 = Debug|x64
		{16881AE4-5D22-4EE1-A30A-4E4D03E35FE4}.Debug|x86.ActiveCfg = Debug|Win32
		{16881AE4-5D22-4EE1-A30A-4E4D03E35FE4}.Debug|x86.Build.0 = Debug|Win32
		{16881AE4-5D22-4EE1-A30A-4E4D03E35FE4}.Release|x64.ActiveCfg = Release|x64
		{16881AE4-5D22-4EE1-A30A-4E4D03E35FE4}.Release|x64.Build.0 = Release|x64
		{16881AE4-5D22-4EE1-A30A-4E4D03E35FE4}.Release|x86.ActiveCfg = Release|Win32
		{16881AE4-5D22-4EE1-A30A-4E4D03E35FE4}.Release|x86.Build.0 = Release|Win32
		{CAD714EA-C1AD-4DEC-9C88-3E7FFCECFF81}.Debug|x64.ActiveCfg = Debug|x64
		{CAD714EA-C1AD-4DEC-9C88-3E7FFCECFF81}.Debug|x64.Build.0 = Debug|x64
		{CAD714EA-C1AD-4DEC-9C88-3E7FFCECFF81}.Debug|x86.ActiveCfg = Debug|Win32
		{CAD714EA-C1AD-4DEC-9C88-3E7FFCECFF81}.Debug|x86.Build.0 = Debug|Win32
		{CAD714EA-C1AD-4DEC-9C88-3E7FFCECFF81}.Release|x64.ActiveCfg = Release|x64
		{CAD714EA-C1AD-4DEC-9C88-3E7FFCECFF81}.Release|x64.Build.0 = Release|x64
		{CAD714EA-C1AD-4DEC-9C88-3E7FFCECFF81}.Release|x86.ActiveCfg = Release|Win32
		{CAD714EA-C1AD-4DEC-9C88-3E7FFCECFF81}.Release|x86.Build.0 = Release|Win32
	EndGlobalSection
	GlobalSection(SolutionProperties) = preSolution
		HideSolutionNode = FALSE
	EndGlobalSection
	GlobalSection(ExtensibilityGlobals) = postSolution
		SolutionGuid = {9EC68469-B65E-495D-A11F-7853680B16DA}
	EndGlobalSection
EndGlobal
